
Microsoft Visual Studio Solution File, Format Version 12.00
# Visual Studio Version 17
VisualStudioVersion = 17.8.34525.116
MinimumVisualStudioVersion = 10.0.40219.1
Project("{9A19103F-16F7-4668-BE54-9A1E7A4F7556}") = "NW.Shared.Serialization", "src\NW.Shared.Serialization\NW.Shared.Serialization.csproj", "{DA7D8C1C-182E-44E9-B6A5-1CB715687121}"
EndProject
Project("{FAE04EC0-301F-11D3-BF4B-00C04F79EFBC}") = "NW.Shared.Serialization.UnitTests", "tests\NW.Shared.Serialization.UnitTests\NW.Shared.Serialization.UnitTests.csproj", "{BE8DA9F8-9C4E-47CF-AAF6-13EF5320F0A7}"
EndProject
Global
	GlobalSection(SolutionConfigurationPlatforms) = preSolution
		Debug|Any CPU = Debug|Any CPU
		Release|Any CPU = Release|Any CPU
	EndGlobalSection
	GlobalSection(ProjectConfigurationPlatforms) = postSolution
		{DA7D8C1C-182E-44E9-B6A5-1CB715687121}.Debug|Any CPU.ActiveCfg = Debug|Any CPU
		{DA7D8C1C-182E-44E9-B6A5-1CB715687121}.Debug|Any CPU.Build.0 = Debug|Any CPU
		{DA7D8C1C-182E-44E9-B6A5-1CB715687121}.Release|Any CPU.ActiveCfg = Release|Any CPU
		{DA7D8C1C-182E-44E9-B6A5-1CB715687121}.Release|Any CPU.Build.0 = Release|Any CPU
		{BE8DA9F8-9C4E-47CF-AAF6-13EF5320F0A7}.Debug|Any CPU.ActiveCfg = Debug|Any CPU
		{BE8DA9F8-9C4E-47CF-AAF6-13EF5320F0A7}.Debug|Any CPU.Build.0 = Debug|Any CPU
		{BE8DA9F8-9C4E-47CF-AAF6-13EF5320F0A7}.Release|Any CPU.ActiveCfg = Release|Any CPU
		{BE8DA9F8-9C4E-47CF-AAF6-13EF5320F0A7}.Release|Any CPU.Build.0 = Release|Any CPU
	EndGlobalSection
	GlobalSection(SolutionProperties) = preSolution
		HideSolutionNode = FALSE
	EndGlobalSection
	GlobalSection(ExtensibilityGlobals) = postSolution
		SolutionGuid = {1090AF69-E6CE-445B-A2F7-26113805EBF8}
	EndGlobalSection
EndGlobal
